# This file is automatically @generated by Cargo.
# It is not intended for manual editing.
version = 4

[[package]]
name = "anstyle"
version = "1.0.11"
source = "registry+https://github.com/rust-lang/crates.io-index"
checksum = "862ed96ca487e809f1c8e5a8447f6ee2cf102f846893800b20cebdf541fc6bbd"

[[package]]
name = "ar_archive_writer"
version = "0.4.2"
source = "registry+https://github.com/rust-lang/crates.io-index"
checksum = "01667f6f40216b9a0b2945e05fed5f1ad0ab6470e69cb9378001e37b1c0668e4"
dependencies = [
 "object 0.36.7",
]

[[package]]
name = "clap"
version = "4.5.41"
source = "registry+https://github.com/rust-lang/crates.io-index"
checksum = "be92d32e80243a54711e5d7ce823c35c41c9d929dc4ab58e1276f625841aadf9"
dependencies = [
 "clap_builder",
]

[[package]]
name = "clap_builder"
version = "4.5.41"
source = "registry+https://github.com/rust-lang/crates.io-index"
checksum = "707eab41e9622f9139419d573eca0900137718000c517d47da73045f54331c3d"
dependencies = [
 "anstyle",
 "clap_lex",
 "strsim",
]

[[package]]
name = "clap_lex"
version = "0.7.5"
source = "registry+https://github.com/rust-lang/crates.io-index"
checksum = "b94f61472cee1439c0b966b47e3aca9ae07e45d070759512cd390ea2bebc6675"

[[package]]
name = "memchr"
version = "2.7.5"
source = "registry+https://github.com/rust-lang/crates.io-index"
checksum = "32a282da65faaf38286cf3be983213fcf1d2e2a58700e808f83f4ea9a4804bc0"

[[package]]
name = "object"
version = "0.36.7"
source = "registry+https://github.com/rust-lang/crates.io-index"
checksum = "62948e14d923ea95ea2c7c86c71013138b66525b86bdc08d2dcc262bdb497b87"
dependencies = [
 "memchr",
]

[[package]]
name = "object"
version = "0.37.1"
source = "registry+https://github.com/rust-lang/crates.io-index"
checksum = "03fd943161069e1768b4b3d050890ba48730e590f57e56d4aa04e7e090e61b4a"
dependencies = [
 "memchr",
]

[[package]]
name = "strsim"
version = "0.11.1"
source = "registry+https://github.com/rust-lang/crates.io-index"
checksum = "7da8b5736845d9f2fcb837ea5d9e2628564b3b043a70948a3f0b778838c5fb4f"

[[package]]
name = "winlib"
version = "0.2.1"
dependencies = [
 "ar_archive_writer",
 "clap",
 "object 0.37.1",
]
