# This file is automatically @generated by Cargo.
# It is not intended for manual editing.
version = 4

[[package]]
name = "ar_archive_writer"
version = "0.4.2"
source = "registry+https://github.com/rust-lang/crates.io-index"
checksum = "01667f6f40216b9a0b2945e05fed5f1ad0ab6470e69cb9378001e37b1c0668e4"
dependencies = [
 "object 0.36.7",
]

[[package]]
name = "lexopt"
version = "0.3.1"
source = "registry+https://github.com/rust-lang/crates.io-index"
checksum = "9fa0e2a1fcbe2f6be6c42e342259976206b383122fc152e872795338b5a3f3a7"

[[package]]
name = "memchr"
version = "2.7.5"
source = "registry+https://github.com/rust-lang/crates.io-index"
checksum = "32a282da65faaf38286cf3be983213fcf1d2e2a58700e808f83f4ea9a4804bc0"

[[package]]
name = "object"
version = "0.36.7"
source = "registry+https://github.com/rust-lang/crates.io-index"
checksum = "62948e14d923ea95ea2c7c86c71013138b66525b86bdc08d2dcc262bdb497b87"
dependencies = [
 "memchr",
]

[[package]]
name = "object"
version = "0.37.1"
source = "registry+https://github.com/rust-lang/crates.io-index"
checksum = "03fd943161069e1768b4b3d050890ba48730e590f57e56d4aa04e7e090e61b4a"
dependencies = [
 "memchr",
]

[[package]]
name = "winlib"
version = "0.1.1"
dependencies = [
 "ar_archive_writer",
 "lexopt",
 "object 0.37.1",
]
